<?xml version="1.0" encoding="utf-8"?>
<Project ToolsVersion="4.0" xmlns="http://schemas.microsoft.com/developer/msbuild/2003">
  <ItemGroup>
    <Filter Include="login_sql">
      <UniqueIdentifier>{2e633711-9e7d-4f8c-9a0a-357f7989fe11}</UniqueIdentifier>
    </Filter>
    <Filter Include="common">
      <UniqueIdentifier>{364c266f-4771-4fd4-95ea-83a064ddd8e3}</UniqueIdentifier>
    </Filter>
  </ItemGroup>
  <ItemGroup>
    <ClInclude Include="..\src\login\account.h">
      <Filter>login_sql</Filter>
    </ClInclude>
    <ClInclude Include="..\src\login\ipban.h">
      <Filter>login_sql</Filter>
    </ClInclude>
    <ClInclude Include="..\src\login\login.h">
      <Filter>login_sql</Filter>
    </ClInclude>
    <ClInclude Include="..\src\login\loginlog.h">
      <Filter>login_sql</Filter>
    </ClInclude>
    <ClInclude Include="..\src\common\cbasetypes.h">
      <Filter>common</Filter>
    </ClInclude>
    <ClInclude Include="..\src\common\core.h">
      <Filter>common</Filter>
    </ClInclude>
    <ClInclude Include="..\src\common\db.h">
      <Filter>common</Filter>
    </ClInclude>
    <ClInclude Include="..\src\common\ers.h">
      <Filter>common</Filter>
    </ClInclude>
    <ClInclude Include="..\src\common\lock.h">
      <Filter>common</Filter>
    </ClInclude>
    <ClInclude Include="..\src\common\malloc.h">
      <Filter>common</Filter>
    </ClInclude>
    <ClInclude Include="..\src\common\md5calc.h">
      <Filter>common</Filter>
    </ClInclude>
    <ClInclude Include="..\src\common\mmo.h">
      <Filter>common</Filter>
    </ClInclude>
    <ClInclude Include="..\src\common\nullpo.h">
      <Filter>common</Filter>
    </ClInclude>
    <ClInclude Include="..\src\common\plugin.h">
      <Filter>common</Filter>
    </ClInclude>
    <ClInclude Include="..\src\common\plugins.h">
      <Filter>common</Filter>
    </ClInclude>
    <ClInclude Include="..\src\common\showmsg.h">
      <Filter>common</Filter>
    </ClInclude>
    <ClInclude Include="..\src\common\socket.h">
      <Filter>common</Filter>
    </ClInclude>
    <ClInclude Include="..\src\common\sql.h">
      <Filter>common</Filter>
    </ClInclude>
    <ClInclude Include="..\src\common\strlib.h">
      <Filter>common</Filter>
    </ClInclude>
    <ClInclude Include="..\src\common\timer.h">
      <Filter>common</Filter>
    </ClInclude>
    <ClInclude Include="..\src\common\utils.h">
      <Filter>common</Filter>
    </ClInclude>
    <ClInclude Include="..\src\common\version.h">
      <Filter>common</Filter>
    </ClInclude>
  </ItemGroup>
  <ItemGroup>
    <ClCompile Include="..\src\login\account_sql.c">
      <Filter>login_sql</Filter>
    </ClCompile>
    <ClCompile Include="..\src\login\admin.c">
      <Filter>login_sql</Filter>
    </ClCompile>
    <ClCompile Include="..\src\login\ipban_sql.c">
      <Filter>login_sql</Filter>
    </ClCompile>
    <ClCompile Include="..\src\login\login.c">
      <Filter>login_sql</Filter>
    </ClCompile>
    <ClCompile Include="..\src\login\loginlog_sql.c">
      <Filter>login_sql</Filter>
    </ClCompile>
    <ClCompile Include="..\src\common\core.c">
      <Filter>common</Filter>
    </ClCompile>
    <ClCompile Include="..\src\common\db.c">
      <Filter>common</Filter>
    </ClCompile>
    <ClCompile Include="..\src\common\ers.c">
      <Filter>common</Filter>
    </ClCompile>
    <ClCompile Include="..\src\common\lock.c">
      <Filter>common</Filter>
    </ClCompile>
    <ClCompile Include="..\src\common\malloc.c">
      <Filter>common</Filter>
    </ClCompile>
    <ClCompile Include="..\src\common\md5calc.c">
      <Filter>common</Filter>
    </ClCompile>
    <ClCompile Include="..\src\common\nullpo.c">
      <Filter>common</Filter>
    </ClCompile>
    <ClCompile Include="..\src\common\plugins.c">
      <Filter>common</Filter>
    </ClCompile>
    <ClCompile Include="..\src\common\showmsg.c">
      <Filter>common</Filter>
    </ClCompile>
    <ClCompile Include="..\src\common\socket.c">
      <Filter>common</Filter>
    </ClCompile>
    <ClCompile Include="..\src\common\sql.c">
      <Filter>common</Filter>
    </ClCompile>
    <ClCompile Include="..\src\common\strlib.c">
      <Filter>common</Filter>
    </ClCompile>
    <ClCompile Include="..\src\common\timer.c">
      <Filter>common</Filter>
    </ClCompile>
    <ClCompile Include="..\src\common\utils.c">
      <Filter>common</Filter>
    </ClCompile>
  </ItemGroup>
</Project>